
Microsoft Visual Studio Solution File, Format Version 12.00
# Visual Studio Version 17
VisualStudioVersion = 17.0.31903.59
MinimumVisualStudioVersion = 10.0.40219.1
Project("{2150E333-8FDC-42A3-9474-1A3956D46DE8}") = "src", "src", "{827E0CD3-B72D-47B6-A68D-7590B98EB39B}"
EndProject
Project("{2150E333-8FDC-42A3-9474-1A3956D46DE8}") = "BuildingBlocks", "BuildingBlocks", "{90298CBA-BD6F-3A0A-69D5-97CAD7B05E7E}"
EndProject
Project("{FAE04EC0-301F-11D3-BF4B-00C04F79EFBC}") = "DDD.BuildingBlocks.Domain", "src\BuildingBlocks\DDD.BuildingBlocks.Domain\DDD.BuildingBlocks.Domain.csproj", "{9E2575D4-42A4-45BF-80C9-F9A5761037DF}"
EndProject
Project("{FAE04EC0-301F-11D3-BF4B-00C04F79EFBC}") = "DDD.BuildingBlocks.Integration", "src\BuildingBlocks\DDD.BuildingBlocks.Integration\DDD.BuildingBlocks.Integration.csproj", "{0F568D08-E9D3-4A43-B312-B0FF4F340B95}"
EndProject
Project("{2150E333-8FDC-42A3-9474-1A3956D46DE8}") = "Services", "Services", "{984BB9B3-3FA3-BE33-9484-CAC21695A33C}"
EndProject
Project("{2150E333-8FDC-42A3-9474-1A3956D46DE8}") = "Order", "Order", "{B851199A-4979-E597-3D50-97AC5992BBAF}"
EndProject
Project("{FAE04EC0-301F-11D3-BF4B-00C04F79EFBC}") = "Order.Domain", "src\Services\Order\Order.Domain\Order.Domain.csproj", "{8C1002BD-3609-4BB5-9029-33248D6784EA}"
EndProject
Project("{FAE04EC0-301F-11D3-BF4B-00C04F79EFBC}") = "Order.Application", "src\Services\Order\Order.Application\Order.Application.csproj", "{6343DEFE-9B86-441F-92B4-5B8EE12DB790}"
EndProject
Project("{FAE04EC0-301F-11D3-BF4B-00C04F79EFBC}") = "Order.Infrastructure", "src\Services\Order\Order.Infrastructure\Order.Infrastructure.csproj", "{3984247C-6375-4AE7-ABC5-E5B9BA918BB7}"
EndProject
Project("{FAE04EC0-301F-11D3-BF4B-00C04F79EFBC}") = "Order.API", "src\Services\Order\Order.API\Order.API.csproj", "{6876AAAA-0007-4031-8D6B-B3F047470B3B}"
EndProject
Project("{2150E333-8FDC-42A3-9474-1A3956D46DE8}") = "Payment", "Payment", "{3FB03296-F262-2760-9861-73C41AF3766C}"
EndProject
Project("{FAE04EC0-301F-11D3-BF4B-00C04F79EFBC}") = "Payment.Domain", "src\Services\Payment\Payment.Domain\Payment.Domain.csproj", "{8DC8554D-E430-495A-9112-02E0E52170D6}"
EndProject
Project("{FAE04EC0-301F-11D3-BF4B-00C04F79EFBC}") = "Payment.Application", "src\Services\Payment\Payment.Application\Payment.Application.csproj", "{489AAEDA-653E-4FC9-AC30-5C2D9F84D8D6}"
EndProject
Project("{FAE04EC0-301F-11D3-BF4B-00C04F79EFBC}") = "Payment.Infrastructure", "src\Services\Payment\Payment.Infrastructure\Payment.Infrastructure.csproj", "{DEE4C671-0CAE-47AA-8C34-AF3B0E872DE9}"
EndProject
Project("{FAE04EC0-301F-11D3-BF4B-00C04F79EFBC}") = "Payment.API", "src\Services\Payment\Payment.API\Payment.API.csproj", "{1E33E496-C304-499D-B8CE-B0B143A53AAC}"
EndProject
Project("{FAE04EC0-301F-11D3-BF4B-00C04F79EFBC}") = "Order.IntegrationEvents", "src\Services\Order\Order.IntegrationEvents\Order.IntegrationEvents.csproj", "{00D1A9D6-3C2C-42FC-9D4A-AC3D7BBDC352}"
EndProject
Project("{FAE04EC0-301F-11D3-BF4B-00C04F79EFBC}") = "Payment.IntegrationEvents", "src\Services\Payment\Payment.IntegrationEvents\Payment.IntegrationEvents.csproj", "{F1ABB8F4-9ADB-4F6A-B903-4EAC66F6FDF6}"
EndProject
Global
	GlobalSection(SolutionConfigurationPlatforms) = preSolution
		Debug|Any CPU = Debug|Any CPU
		Debug|x64 = Debug|x64
		Debug|x86 = Debug|x86
		Release|Any CPU = Release|Any CPU
		Release|x64 = Release|x64
		Release|x86 = Release|x86
	EndGlobalSection
	GlobalSection(ProjectConfigurationPlatforms) = postSolution
		{9E2575D4-42A4-45BF-80C9-F9A5761037DF}.Debug|Any CPU.ActiveCfg = Debug|Any CPU
		{9E2575D4-42A4-45BF-80C9-F9A5761037DF}.Debug|Any CPU.Build.0 = Debug|Any CPU
		{9E2575D4-42A4-45BF-80C9-F9A5761037DF}.Debug|x64.ActiveCfg = Debug|Any CPU
		{9E2575D4-42A4-45BF-80C9-F9A5761037DF}.Debug|x64.Build.0 = Debug|Any CPU
		{9E2575D4-42A4-45BF-80C9-F9A5761037DF}.Debug|x86.ActiveCfg = Debug|Any CPU
		{9E2575D4-42A4-45BF-80C9-F9A5761037DF}.Debug|x86.Build.0 = Debug|Any CPU
		{9E2575D4-42A4-45BF-80C9-F9A5761037DF}.Release|Any CPU.ActiveCfg = Release|Any CPU
		{9E2575D4-42A4-45BF-80C9-F9A5761037DF}.Release|Any CPU.Build.0 = Release|Any CPU
		{9E2575D4-42A4-45BF-80C9-F9A5761037DF}.Release|x64.ActiveCfg = Release|Any CPU
		{9E2575D4-42A4-45BF-80C9-F9A5761037DF}.Release|x64.Build.0 = Release|Any CPU
		{9E2575D4-42A4-45BF-80C9-F9A5761037DF}.Release|x86.ActiveCfg = Release|Any CPU
		{9E2575D4-42A4-45BF-80C9-F9A5761037DF}.Release|x86.Build.0 = Release|Any CPU
		{0F568D08-E9D3-4A43-B312-B0FF4F340B95}.Debug|Any CPU.ActiveCfg = Debug|Any CPU
		{0F568D08-E9D3-4A43-B312-B0FF4F340B95}.Debug|Any CPU.Build.0 = Debug|Any CPU
		{0F568D08-E9D3-4A43-B312-B0FF4F340B95}.Debug|x64.ActiveCfg = Debug|Any CPU
		{0F568D08-E9D3-4A43-B312-B0FF4F340B95}.Debug|x64.Build.0 = Debug|Any CPU
		{0F568D08-E9D3-4A43-B312-B0FF4F340B95}.Debug|x86.ActiveCfg = Debug|Any CPU
		{0F568D08-E9D3-4A43-B312-B0FF4F340B95}.Debug|x86.Build.0 = Debug|Any CPU
		{0F568D08-E9D3-4A43-B312-B0FF4F340B95}.Release|Any CPU.ActiveCfg = Release|Any CPU
		{0F568D08-E9D3-4A43-B312-B0FF4F340B95}.Release|Any CPU.Build.0 = Release|Any CPU
		{0F568D08-E9D3-4A43-B312-B0FF4F340B95}.Release|x64.ActiveCfg = Release|Any CPU
		{0F568D08-E9D3-4A43-B312-B0FF4F340B95}.Release|x64.Build.0 = Release|Any CPU
		{0F568D08-E9D3-4A43-B312-B0FF4F340B95}.Release|x86.ActiveCfg = Release|Any CPU
		{0F568D08-E9D3-4A43-B312-B0FF4F340B95}.Release|x86.Build.0 = Release|Any CPU
		{8C1002BD-3609-4BB5-9029-33248D6784EA}.Debug|Any CPU.ActiveCfg = Debug|Any CPU
		{8C1002BD-3609-4BB5-9029-33248D6784EA}.Debug|Any CPU.Build.0 = Debug|Any CPU
		{8C1002BD-3609-4BB5-9029-33248D6784EA}.Debug|x64.ActiveCfg = Debug|Any CPU
		{8C1002BD-3609-4BB5-9029-33248D6784EA}.Debug|x64.Build.0 = Debug|Any CPU
		{8C1002BD-3609-4BB5-9029-33248D6784EA}.Debug|x86.ActiveCfg = Debug|Any CPU
		{8C1002BD-3609-4BB5-9029-33248D6784EA}.Debug|x86.Build.0 = Debug|Any CPU
		{8C1002BD-3609-4BB5-9029-33248D6784EA}.Release|Any CPU.ActiveCfg = Release|Any CPU
		{8C1002BD-3609-4BB5-9029-33248D6784EA}.Release|Any CPU.Build.0 = Release|Any CPU
		{8C1002BD-3609-4BB5-9029-33248D6784EA}.Release|x64.ActiveCfg = Release|Any CPU
		{8C1002BD-3609-4BB5-9029-33248D6784EA}.Release|x64.Build.0 = Release|Any CPU
		{8C1002BD-3609-4BB5-9029-33248D6784EA}.Release|x86.ActiveCfg = Release|Any CPU
		{8C1002BD-3609-4BB5-9029-33248D6784EA}.Release|x86.Build.0 = Release|Any CPU
		{6343DEFE-9B86-441F-92B4-5B8EE12DB790}.Debug|Any CPU.ActiveCfg = Debug|Any CPU
		{6343DEFE-9B86-441F-92B4-5B8EE12DB790}.Debug|Any CPU.Build.0 = Debug|Any CPU
		{6343DEFE-9B86-441F-92B4-5B8EE12DB790}.Debug|x64.ActiveCfg = Debug|Any CPU
		{6343DEFE-9B86-441F-92B4-5B8EE12DB790}.Debug|x64.Build.0 = Debug|Any CPU
		{6343DEFE-9B86-441F-92B4-5B8EE12DB790}.Debug|x86.ActiveCfg = Debug|Any CPU
		{6343DEFE-9B86-441F-92B4-5B8EE12DB790}.Debug|x86.Build.0 = Debug|Any CPU
		{6343DEFE-9B86-441F-92B4-5B8EE12DB790}.Release|Any CPU.ActiveCfg = Release|Any CPU
		{6343DEFE-9B86-441F-92B4-5B8EE12DB790}.Release|Any CPU.Build.0 = Release|Any CPU
		{6343DEFE-9B86-441F-92B4-5B8EE12DB790}.Release|x64.ActiveCfg = Release|Any CPU
		{6343DEFE-9B86-441F-92B4-5B8EE12DB790}.Release|x64.Build.0 = Release|Any CPU
		{6343DEFE-9B86-441F-92B4-5B8EE12DB790}.Release|x86.ActiveCfg = Release|Any CPU
		{6343DEFE-9B86-441F-92B4-5B8EE12DB790}.Release|x86.Build.0 = Release|Any CPU
		{3984247C-6375-4AE7-ABC5-E5B9BA918BB7}.Debug|Any CPU.ActiveCfg = Debug|Any CPU
		{3984247C-6375-4AE7-ABC5-E5B9BA918BB7}.Debug|Any CPU.Build.0 = Debug|Any CPU
		{3984247C-6375-4AE7-ABC5-E5B9BA918BB7}.Debug|x64.ActiveCfg = Debug|Any CPU
		{3984247C-6375-4AE7-ABC5-E5B9BA918BB7}.Debug|x64.Build.0 = Debug|Any CPU
		{3984247C-6375-4AE7-ABC5-E5B9BA918BB7}.Debug|x86.ActiveCfg = Debug|Any CPU
		{3984247C-6375-4AE7-ABC5-E5B9BA918BB7}.Debug|x86.Build.0 = Debug|Any CPU
		{3984247C-6375-4AE7-ABC5-E5B9BA918BB7}.Release|Any CPU.ActiveCfg = Release|Any CPU
		{3984247C-6375-4AE7-ABC5-E5B9BA918BB7}.Release|Any CPU.Build.0 = Release|Any CPU
		{3984247C-6375-4AE7-ABC5-E5B9BA918BB7}.Release|x64.ActiveCfg = Release|Any CPU
		{3984247C-6375-4AE7-ABC5-E5B9BA918BB7}.Release|x64.Build.0 = Release|Any CPU
		{3984247C-6375-4AE7-ABC5-E5B9BA918BB7}.Release|x86.ActiveCfg = Release|Any CPU
		{3984247C-6375-4AE7-ABC5-E5B9BA918BB7}.Release|x86.Build.0 = Release|Any CPU
		{6876AAAA-0007-4031-8D6B-B3F047470B3B}.Debug|Any CPU.ActiveCfg = Debug|Any CPU
		{6876AAAA-0007-4031-8D6B-B3F047470B3B}.Debug|Any CPU.Build.0 = Debug|Any CPU
		{6876AAAA-0007-4031-8D6B-B3F047470B3B}.Debug|x64.ActiveCfg = Debug|Any CPU
		{6876AAAA-0007-4031-8D6B-B3F047470B3B}.Debug|x64.Build.0 = Debug|Any CPU
		{6876AAAA-0007-4031-8D6B-B3F047470B3B}.Debug|x86.ActiveCfg = Debug|Any CPU
		{6876AAAA-0007-4031-8D6B-B3F047470B3B}.Debug|x86.Build.0 = Debug|Any CPU
		{6876AAAA-0007-4031-8D6B-B3F047470B3B}.Release|Any CPU.ActiveCfg = Release|Any CPU
		{6876AAAA-0007-4031-8D6B-B3F047470B3B}.Release|Any CPU.Build.0 = Release|Any CPU
		{6876AAAA-0007-4031-8D6B-B3F047470B3B}.Release|x64.ActiveCfg = Release|Any CPU
		{6876AAAA-0007-4031-8D6B-B3F047470B3B}.Release|x64.Build.0 = Release|Any CPU
		{6876AAAA-0007-4031-8D6B-B3F047470B3B}.Release|x86.ActiveCfg = Release|Any CPU
		{6876AAAA-0007-4031-8D6B-B3F047470B3B}.Release|x86.Build.0 = Release|Any CPU
		{8DC8554D-E430-495A-9112-02E0E52170D6}.Debug|Any CPU.ActiveCfg = Debug|Any CPU
		{8DC8554D-E430-495A-9112-02E0E52170D6}.Debug|Any CPU.Build.0 = Debug|Any CPU
		{8DC8554D-E430-495A-9112-02E0E52170D6}.Debug|x64.ActiveCfg = Debug|Any CPU
		{8DC8554D-E430-495A-9112-02E0E52170D6}.Debug|x64.Build.0 = Debug|Any CPU
		{8DC8554D-E430-495A-9112-02E0E52170D6}.Debug|x86.ActiveCfg = Debug|Any CPU
		{8DC8554D-E430-495A-9112-02E0E52170D6}.Debug|x86.Build.0 = Debug|Any CPU
		{8DC8554D-E430-495A-9112-02E0E52170D6}.Release|Any CPU.ActiveCfg = Release|Any CPU
		{8DC8554D-E430-495A-9112-02E0E52170D6}.Release|Any CPU.Build.0 = Release|Any CPU
		{8DC8554D-E430-495A-9112-02E0E52170D6}.Release|x64.ActiveCfg = Release|Any CPU
		{8DC8554D-E430-495A-9112-02E0E52170D6}.Release|x64.Build.0 = Release|Any CPU
		{8DC8554D-E430-495A-9112-02E0E52170D6}.Release|x86.ActiveCfg = Release|Any CPU
		{8DC8554D-E430-495A-9112-02E0E52170D6}.Release|x86.Build.0 = Release|Any CPU
		{489AAEDA-653E-4FC9-AC30-5C2D9F84D8D6}.Debug|Any CPU.ActiveCfg = Debug|Any CPU
		{489AAEDA-653E-4FC9-AC30-5C2D9F84D8D6}.Debug|Any CPU.Build.0 = Debug|Any CPU
		{489AAEDA-653E-4FC9-AC30-5C2D9F84D8D6}.Debug|x64.ActiveCfg = Debug|Any CPU
		{489AAEDA-653E-4FC9-AC30-5C2D9F84D8D6}.Debug|x64.Build.0 = Debug|Any CPU
		{489AAEDA-653E-4FC9-AC30-5C2D9F84D8D6}.Debug|x86.ActiveCfg = Debug|Any CPU
		{489AAEDA-653E-4FC9-AC30-5C2D9F84D8D6}.Debug|x86.Build.0 = Debug|Any CPU
		{489AAEDA-653E-4FC9-AC30-5C2D9F84D8D6}.Release|Any CPU.ActiveCfg = Release|Any CPU
		{489AAEDA-653E-4FC9-AC30-5C2D9F84D8D6}.Release|Any CPU.Build.0 = Release|Any CPU
		{489AAEDA-653E-4FC9-AC30-5C2D9F84D8D6}.Release|x64.ActiveCfg = Release|Any CPU
		{489AAEDA-653E-4FC9-AC30-5C2D9F84D8D6}.Release|x64.Build.0 = Release|Any CPU
		{489AAEDA-653E-4FC9-AC30-5C2D9F84D8D6}.Release|x86.ActiveCfg = Release|Any CPU
		{489AAEDA-653E-4FC9-AC30-5C2D9F84D8D6}.Release|x86.Build.0 = Release|Any CPU
		{DEE4C671-0CAE-47AA-8C34-AF3B0E872DE9}.Debug|Any CPU.ActiveCfg = Debug|Any CPU
		{DEE4C671-0CAE-47AA-8C34-AF3B0E872DE9}.Debug|Any CPU.Build.0 = Debug|Any CPU
		{DEE4C671-0CAE-47AA-8C34-AF3B0E872DE9}.Debug|x64.ActiveCfg = Debug|Any CPU
		{DEE4C671-0CAE-47AA-8C34-AF3B0E872DE9}.Debug|x64.Build.0 = Debug|Any CPU
		{DEE4C671-0CAE-47AA-8C34-AF3B0E872DE9}.Debug|x86.ActiveCfg = Debug|Any CPU
		{DEE4C671-0CAE-47AA-8C34-AF3B0E872DE9}.Debug|x86.Build.0 = Debug|Any CPU
		{DEE4C671-0CAE-47AA-8C34-AF3B0E872DE9}.Release|Any CPU.ActiveCfg = Release|Any CPU
		{DEE4C671-0CAE-47AA-8C34-AF3B0E872DE9}.Release|Any CPU.Build.0 = Release|Any CPU
		{DEE4C671-0CAE-47AA-8C34-AF3B0E872DE9}.Release|x64.ActiveCfg = Release|Any CPU
		{DEE4C671-0CAE-47AA-8C34-AF3B0E872DE9}.Release|x64.Build.0 = Release|Any CPU
		{DEE4C671-0CAE-47AA-8C34-AF3B0E872DE9}.Release|x86.ActiveCfg = Release|Any CPU
		{DEE4C671-0CAE-47AA-8C34-AF3B0E872DE9}.Release|x86.Build.0 = Release|Any CPU
		{1E33E496-C304-499D-B8CE-B0B143A53AAC}.Debug|Any CPU.ActiveCfg = Debug|Any CPU
		{1E33E496-C304-499D-B8CE-B0B143A53AAC}.Debug|Any CPU.Build.0 = Debug|Any CPU
		{1E33E496-C304-499D-B8CE-B0B143A53AAC}.Debug|x64.ActiveCfg = Debug|Any CPU
		{1E33E496-C304-499D-B8CE-B0B143A53AAC}.Debug|x64.Build.0 = Debug|Any CPU
		{1E33E496-C304-499D-B8CE-B0B143A53AAC}.Debug|x86.ActiveCfg = Debug|Any CPU
		{1E33E496-C304-499D-B8CE-B0B143A53AAC}.Debug|x86.Build.0 = Debug|Any CPU
		{1E33E496-C304-499D-B8CE-B0B143A53AAC}.Release|Any CPU.ActiveCfg = Release|Any CPU
		{1E33E496-C304-499D-B8CE-B0B143A53AAC}.Release|Any CPU.Build.0 = Release|Any CPU
		{1E33E496-C304-499D-B8CE-B0B143A53AAC}.Release|x64.ActiveCfg = Release|Any CPU
		{1E33E496-C304-499D-B8CE-B0B143A53AAC}.Release|x64.Build.0 = Release|Any CPU
		{1E33E496-C304-499D-B8CE-B0B143A53AAC}.Release|x86.ActiveCfg = Release|Any CPU
		{1E33E496-C304-499D-B8CE-B0B143A53AAC}.Release|x86.Build.0 = Release|Any CPU
		{00D1A9D6-3C2C-42FC-9D4A-AC3D7BBDC352}.Debug|Any CPU.ActiveCfg = Debug|Any CPU
		{00D1A9D6-3C2C-42FC-9D4A-AC3D7BBDC352}.Debug|Any CPU.Build.0 = Debug|Any CPU
		{00D1A9D6-3C2C-42FC-9D4A-AC3D7BBDC352}.Debug|x64.ActiveCfg = Debug|Any CPU
		{00D1A9D6-3C2C-42FC-9D4A-AC3D7BBDC352}.Debug|x64.Build.0 = Debug|Any CPU
		{00D1A9D6-3C2C-42FC-9D4A-AC3D7BBDC352}.Debug|x86.ActiveCfg = Debug|Any CPU
		{00D1A9D6-3C2C-42FC-9D4A-AC3D7BBDC352}.Debug|x86.Build.0 = Debug|Any CPU
		{00D1A9D6-3C2C-42FC-9D4A-AC3D7BBDC352}.Release|Any CPU.ActiveCfg = Release|Any CPU
		{00D1A9D6-3C2C-42FC-9D4A-AC3D7BBDC352}.Release|Any CPU.Build.0 = Release|Any CPU
		{00D1A9D6-3C2C-42FC-9D4A-AC3D7BBDC352}.Release|x64.ActiveCfg = Release|Any CPU
		{00D1A9D6-3C2C-42FC-9D4A-AC3D7BBDC352}.Release|x64.Build.0 = Release|Any CPU
		{00D1A9D6-3C2C-42FC-9D4A-AC3D7BBDC352}.Release|x86.ActiveCfg = Release|Any CPU
		{00D1A9D6-3C2C-42FC-9D4A-AC3D7BBDC352}.Release|x86.Build.0 = Release|Any CPU
		{F1ABB8F4-9ADB-4F6A-B903-4EAC66F6FDF6}.Debug|Any CPU.ActiveCfg = Debug|Any CPU
		{F1ABB8F4-9ADB-4F6A-B903-4EAC66F6FDF6}.Debug|Any CPU.Build.0 = Debug|Any CPU
		{F1ABB8F4-9ADB-4F6A-B903-4EAC66F6FDF6}.Debug|x64.ActiveCfg = Debug|Any CPU
		{F1ABB8F4-9ADB-4F6A-B903-4EAC66F6FDF6}.Debug|x64.Build.0 = Debug|Any CPU
		{F1ABB8F4-9ADB-4F6A-B903-4EAC66F6FDF6}.Debug|x86.ActiveCfg = Debug|Any CPU
		{F1ABB8F4-9ADB-4F6A-B903-4EAC66F6FDF6}.Debug|x86.Build.0 = Debug|Any CPU
		{F1ABB8F4-9ADB-4F6A-B903-4EAC66F6FDF6}.Release|Any CPU.ActiveCfg = Release|Any CPU
		{F1ABB8F4-9ADB-4F6A-B903-4EAC66F6FDF6}.Release|Any CPU.Build.0 = Release|Any CPU
		{F1ABB8F4-9ADB-4F6A-B903-4EAC66F6FDF6}.Release|x64.ActiveCfg = Release|Any CPU
		{F1ABB8F4-9ADB-4F6A-B903-4EAC66F6FDF6}.Release|x64.Build.0 = Release|Any CPU
		{F1ABB8F4-9ADB-4F6A-B903-4EAC66F6FDF6}.Release|x86.ActiveCfg = Release|Any CPU
		{F1ABB8F4-9ADB-4F6A-B903-4EAC66F6FDF6}.Release|x86.Build.0 = Release|Any CPU
	EndGlobalSection
	GlobalSection(SolutionProperties) = preSolution
		HideSolutionNode = FALSE
	EndGlobalSection
	GlobalSection(NestedProjects) = preSolution
		{90298CBA-BD6F-3A0A-69D5-97CAD7B05E7E} = {827E0CD3-B72D-47B6-A68D-7590B98EB39B}
		{9E2575D4-42A4-45BF-80C9-F9A5761037DF} = {90298CBA-BD6F-3A0A-69D5-97CAD7B05E7E}
		{0F568D08-E9D3-4A43-B312-B0FF4F340B95} = {90298CBA-BD6F-3A0A-69D5-97CAD7B05E7E}
		{984BB9B3-3FA3-BE33-9484-CAC21695A33C} = {827E0CD3-B72D-47B6-A68D-7590B98EB39B}
		{B851199A-4979-E597-3D50-97AC5992BBAF} = {984BB9B3-3FA3-BE33-9484-CAC21695A33C}
		{8C1002BD-3609-4BB5-9029-33248D6784EA} = {B851199A-4979-E597-3D50-97AC5992BBAF}
		{6343DEFE-9B86-441F-92B4-5B8EE12DB790} = {B851199A-4979-E597-3D50-97AC5992BBAF}
		{3984247C-6375-4AE7-ABC5-E5B9BA918BB7} = {B851199A-4979-E597-3D50-97AC5992BBAF}
		{6876AAAA-0007-4031-8D6B-B3F047470B3B} = {B851199A-4979-E597-3D50-97AC5992BBAF}
		{3FB03296-F262-2760-9861-73C41AF3766C} = {984BB9B3-3FA3-BE33-9484-CAC21695A33C}
		{8DC8554D-E430-495A-9112-02E0E52170D6} = {3FB03296-F262-2760-9861-73C41AF3766C}
		{489AAEDA-653E-4FC9-AC30-5C2D9F84D8D6} = {3FB03296-F262-2760-9861-73C41AF3766C}
		{DEE4C671-0CAE-47AA-8C34-AF3B0E872DE9} = {3FB03296-F262-2760-9861-73C41AF3766C}
		{1E33E496-C304-499D-B8CE-B0B143A53AAC} = {3FB03296-F262-2760-9861-73C41AF3766C}
		{00D1A9D6-3C2C-42FC-9D4A-AC3D7BBDC352} = {B851199A-4979-E597-3D50-97AC5992BBAF}
		{F1ABB8F4-9ADB-4F6A-B903-4EAC66F6FDF6} = {3FB03296-F262-2760-9861-73C41AF3766C}
	EndGlobalSection
EndGlobal
